{
    "_meta": {
        "hash": {
            "sha256": "c58dc307270f4c5747efbfa047e1ce5a71cc14b4205879221b74c2cd15e3f646"
        },
        "pipfile-spec": 6,
        "requires": {
            "python_version": "3.10"
        },
        "sources": [
            {
                "name": "pypi",
                "url": "https://pypi.org/simple",
                "verify_ssl": true
            }
        ]
    },
    "default": {
        "blessed": {
            "hashes": [
                "sha256:0c542922586a265e699188e52d5f5ac5ec0dd517e5a1041d90d2bbf23f906058",
                "sha256:2cdd67f8746e048f00df47a2880f4d6acbcdb399031b604e34ba8f71d5787680"
            ],
            "markers": "python_version >= '2.7'",
            "version": "==1.20.0"
        },
        "certifi": {
            "hashes": [
                "sha256:0569859f95fc761b18b45ef421b1290a0f65f147e92a1e5eb3e635f9a5e4e66f",
                "sha256:dc383c07b76109f368f6106eee2b593b04a011ea4d55f652c6ca24a754d1cdd1"
            ],
            "markers": "python_version >= '3.6'",
            "version": "==2024.2.2"
        },
        "charset-normalizer": {
            "hashes": [
                "sha256:3e4d1f6587322d2788836a99c69062fbb091331ec940e02d12d179c1d53e25fc",
                "sha256:8465322196c8b4d7ab6d1e049e4c5cb460d0394da4a27d23cc242fbf0034b6b5",
                "sha256:f30c3cb33b24454a82faecaf01b19c18562b1e89558fb6c56de4d9118a032fd5"
            ],
            "markers": "python_full_version >= '3.7.0'",
            "version": "==3.3.2"
        },
        "editor": {
            "hashes": [
                "sha256:bb6989e872638cd119db9a4fce284cd8e13c553886a1c044c6b8d8a160c871f8",
                "sha256:e818e6913f26c2a81eadef503a2741d7cca7f235d20e217274a009ecd5a74abf"
            ],
            "markers": "python_version >= '3.8'",
            "version": "==1.6.6"
        },
        "filelock": {
            "hashes": [
                "sha256:521f5f56c50f8426f5e03ad3b281b490a87ef15bc6c526f168290f0c7148d44e",
                "sha256:57dbda9b35157b05fb3e58ee91448612eb674172fab98ee235ccb0b5bee19a1c"
            ],
            "markers": "python_version >= '3.8'",
            "version": "==3.13.1"
        },
        "fsspec": {
            "hashes": [
                "sha256:8548d39e8810b59c38014934f6b31e57f40c1b20f911f4cc2b85389c7e9bf0cb",
                "sha256:d800d87f72189a745fa3d6b033b9dc4a34ad069f60ca60b943a63599f5501960"
            ],
            "markers": "python_version >= '3.8'",
            "version": "==2023.12.2"
        },
        "greenlet": {
            "hashes": [
                "sha256:43374442353259554ce33599da8b692d5aa96f8976d567d4badf263371fbe491",
                "sha256:73a411ef564e0e097dbe7e866bb2dda0f027e072b04da387282b02c308807405",
                "sha256:dd4f49ae60e10adbc94b45c0b5e6a179acc1736cf7a90160b404076ee283cf83"
            ],
            "markers": "platform_machine == 'aarch64' or (platform_machine == 'ppc64le' or (platform_machine == 'x86_64' or (platform_machine == 'amd64' or (platform_machine == 'AMD64' or (platform_machine == 'win32' or platform_machine == 'WIN32')))))",
            "version": "==3.0.3"
        },
        "idna": {
            "hashes": [
                "sha256:9ecdbbd083b06798ae1e86adcbfe8ab1479cf864e4ee30fe4e46a003d12491ca",
                "sha256:c05567e9c24a6b9faaa835c4821bad0590fbb9d5779e7caa6e1cc4978e7eb24f"
            ],
            "markers": "python_version >= '3.5'",
            "version": "==3.6"
        },
        "inquirer": {
            "hashes": [
                "sha256:0cba57d901b206dd597d8809b58c378c47fbc804a1fc9b33e2780ca2f9b43ac7",
                "sha256:68fa2cfaa652212f035f73794aa1db2e6c0a9c8cef81ab6825b45120fa8ea345"
            ],
            "index": "pypi",
            "markers": "python_full_version >= '3.8.1'",
            "version": "==3.2.3"
        },
        "jinja2": {
            "hashes": [
                "sha256:7d6d50dd97d52cbc355597bd845fabfbac3f551e1f99619e39a35ce8c370b5fa",
                "sha256:ac8bd6544d4bb2c9792bf3a159e80bba8fda7f07e81bc3aed565432d5925ba90"
            ],
            "markers": "python_version >= '3.7'",
            "version": "==3.1.3"
        },
        "markupsafe": {
            "hashes": [
                "sha256:00e046b6dd71aa03a41079792f8473dc494d564611a8f89bbbd7cb93295ebdcf",
                "sha256:075202fa5b72c86ad32dc7d0b56024ebdbcf2048c0ba09f1cde31bfdd57bcfff",
                "sha256:0e397ac966fdf721b2c528cf028494e86172b4feba51d65f81ffd65c63798f3f",
                "sha256:17b950fccb810b3293638215058e432159d2b71005c74371d784862b7e4683f3",
                "sha256:1f3fbcb7ef1f16e48246f704ab79d79da8a46891e2da03f8783a5b6fa41a9532",
                "sha256:2174c595a0d73a3080ca3257b40096db99799265e1c27cc5a610743acd86d62f",
                "sha256:2b7c57a4dfc4f16f7142221afe5ba4e093e09e728ca65c51f5620c9aaeb9a617",
                "sha256:2d2d793e36e230fd32babe143b04cec8a8b3eb8a3122d2aceb4a371e6b09b8df",
                "sha256:30b600cf0a7ac9234b2638fbc0fb6158ba5bdcdf46aeb631ead21248b9affbc4",
                "sha256:397081c1a0bfb5124355710fe79478cdbeb39626492b15d399526ae53422b906",
                "sha256:3a57fdd7ce31c7ff06cdfbf31dafa96cc533c21e443d57f5b1ecc6cdc668ec7f",
                "sha256:3c6b973f22eb18a789b1460b4b91bf04ae3f0c4234a0a6aa6b0a92f6f7b951d4",
                "sha256:3e53af139f8579a6d5f7b76549125f0d94d7e630761a2111bc431fd820e163b8",
                "sha256:4096e9de5c6fdf43fb4f04c26fb114f61ef0bf2e5604b6ee3019d51b69e8c371",
                "sha256:4275d846e41ecefa46e2015117a9f491e57a71ddd59bbead77e904dc02b1bed2",
                "sha256:4c31f53cdae6ecfa91a77820e8b151dba54ab528ba65dfd235c80b086d68a465",
                "sha256:4f11aa001c540f62c6166c7726f71f7573b52c68c31f014c25cc7901deea0b52",
                "sha256:5049256f536511ee3f7e1b3f87d1d1209d327e818e6ae1365e8653d7e3abb6a6",
                "sha256:58c98fee265677f63a4385256a6d7683ab1832f3ddd1e66fe948d5880c21a169",
                "sha256:598e3276b64aff0e7b3451b72e94fa3c238d452e7ddcd893c3ab324717456bad",
                "sha256:5b7b716f97b52c5a14bffdf688f971b2d5ef4029127f1ad7a513973cfd818df2",
                "sha256:5dedb4db619ba5a2787a94d877bc8ffc0566f92a01c0ef214865e54ecc9ee5e0",
                "sha256:619bc166c4f2de5caa5a633b8b7326fbe98e0ccbfacabd87268a2b15ff73a029",
                "sha256:629ddd2ca402ae6dbedfceeba9c46d5f7b2a61d9749597d4307f943ef198fc1f",
                "sha256:656f7526c69fac7f600bd1f400991cc282b417d17539a1b228617081106feb4a",
                "sha256:6ec585f69cec0aa07d945b20805be741395e28ac1627333b1c5b0105962ffced",
                "sha256:72b6be590cc35924b02c78ef34b467da4ba07e4e0f0454a2c5907f473fc50ce5",
                "sha256:7502934a33b54030eaf1194c21c692a534196063db72176b0c4028e140f8f32c",
                "sha256:7a68b554d356a91cce1236aa7682dc01df0edba8d043fd1ce607c49dd3c1edcf",
                "sha256:7b2e5a267c855eea6b4283940daa6e88a285f5f2a67f2220203786dfa59b37e9",
                "sha256:823b65d8706e32ad2df51ed89496147a42a2a6e01c13cfb6ffb8b1e92bc910bb",
                "sha256:8590b4ae07a35970728874632fed7bd57b26b0102df2d2b233b6d9d82f6c62ad",
                "sha256:8dd717634f5a044f860435c1d8c16a270ddf0ef8588d4887037c5028b859b0c3",
                "sha256:8dec4936e9c3100156f8a2dc89c4b88d5c435175ff03413b443469c7c8c5f4d1",
                "sha256:97cafb1f3cbcd3fd2b6fbfb99ae11cdb14deea0736fc2b0952ee177f2b813a46",
                "sha256:a17a92de5231666cfbe003f0e4b9b3a7ae3afb1ec2845aadc2bacc93ff85febc",
                "sha256:a549b9c31bec33820e885335b451286e2969a2d9e24879f83fe904a5ce59d70a",
                "sha256:ac07bad82163452a6884fe8fa0963fb98c2346ba78d779ec06bd7a6262132aee",
                "sha256:ae2ad8ae6ebee9d2d94b17fb62763125f3f374c25618198f40cbb8b525411900",
                "sha256:b91c037585eba9095565a3556f611e3cbfaa42ca1e865f7b8015fe5c7336d5a5",
                "sha256:bc1667f8b83f48511b94671e0e441401371dfd0f0a795c7daa4a3cd1dde55bea",
                "sha256:bec0a414d016ac1a18862a519e54b2fd0fc8bbfd6890376898a6c0891dd82e9f",
                "sha256:bf50cd79a75d181c9181df03572cdce0fbb75cc353bc350712073108cba98de5",
                "sha256:bff1b4290a66b490a2f4719358c0cdcd9bafb6b8f061e45c7a2460866bf50c2e",
                "sha256:c061bb86a71b42465156a3ee7bd58c8c2ceacdbeb95d05a99893e08b8467359a",
                "sha256:c8b29db45f8fe46ad280a7294f5c3ec36dbac9491f2d1c17345be8e69cc5928f",
                "sha256:ce409136744f6521e39fd8e2a24c53fa18ad67aa5bc7c2cf83645cce5b5c4e50",
                "sha256:d050b3361367a06d752db6ead6e7edeb0009be66bc3bae0ee9d97fb326badc2a",
                "sha256:d283d37a890ba4c1ae73ffadf8046435c76e7bc2247bbb63c00bd1a709c6544b",
                "sha256:d9fad5155d72433c921b782e58892377c44bd6252b5af2f67f16b194987338a4",
                "sha256:daa4ee5a243f0f20d528d939d06670a298dd39b1ad5f8a72a4275124a7819eff",
                "sha256:db0b55e0f3cc0be60c1f19efdde9a637c32740486004f20d1cff53c3c0ece4d2",
                "sha256:e61659ba32cf2cf1481e575d0462554625196a1f2fc06a1c777d3f48e8865d46",
                "sha256:ea3d8a3d18833cf4304cd2fc9cbb1efe188ca9b5efef2bdac7adc20594a0e46b",
                "sha256:ec6a563cff360b50eed26f13adc43e61bc0c04d94b8be985e6fb24b81f6dcfdf",
                "sha256:f5dfb42c4604dddc8e4305050aa6deb084540643ed5804d7455b5df8fe16f5e5",
                "sha256:fa173ec60341d6bb97a89f5ea19c85c5643c1e7dedebc22f5181eb73573142c5",
                "sha256:fa9db3f79de01457b03d4f01b34cf91bc0048eb2c3846ff26f66687c2f6d16ab",
                "sha256:fce659a462a1be54d2ffcacea5e3ba2d74daa74f30f5f143fe0c58636e355fdd",
                "sha256:ffee1f21e5ef0d712f9033568f8344d5da8cc2869dbd08d87c84656e6a2d2f68"
            ],
            "markers": "python_version >= '3.7'",
            "version": "==2.1.5"
        },
        "mpmath": {
            "hashes": [
                "sha256:7a28eb2a9774d00c7bc92411c19a89209d5da7c4c9a9e227be8330a23a25b91f",
                "sha256:a0b2b9fe80bbcd81a6647ff13108738cfb482d481d826cc0e02f5b35e5c88d2c"
            ],
            "version": "==1.3.0"
        },
        "networkx": {
            "hashes": [
                "sha256:9f1bb5cf3409bf324e0a722c20bdb4c20ee39bf1c30ce8ae499c8502b0b5e0c6",
                "sha256:f18c69adc97877c42332c170849c96cefa91881c99a7cb3e95b7c659ebdc1ec2"
            ],
            "markers": "python_version >= '3.9'",
            "version": "==3.2.1"
        },
        "numpy": {
            "hashes": [
                "sha256:003a9f530e880cb2cd177cba1af7220b9aa42def9c4afc2a2fc3ee6be7eb2b22",
                "sha256:150947adbdfeceec4e5926d956a06865c1c690f2fd902efede4ca6fe2e657c3f",
                "sha256:2620e8592136e073bd12ee4536149380695fbe9ebeae845b81237f986479ffc9",
                "sha256:2eabd64ddb96a1239791da78fa5f4e1693ae2dadc82a76bc76a14cbb2b966e96",
                "sha256:4173bde9fa2a005c2c6e2ea8ac1618e2ed2c1c6ec8a7657237854d42094123a0",
                "sha256:4199e7cfc307a778f72d293372736223e39ec9ac096ff0a2e64853b866a8e18a",
                "sha256:4cecaed30dc14123020f77b03601559fff3e6cd0c048f8b5289f4eeabb0eb281",
                "sha256:557d42778a6869c2162deb40ad82612645e21d79e11c1dc62c6e82a2220ffb04",
                "sha256:63e45511ee4d9d976637d11e6c9864eae50e12dc9598f531c035265991910468",
                "sha256:6524630f71631be2dabe0c541e7675db82651eb998496bbe16bc4f77f0772253",
                "sha256:76807b4063f0002c8532cfeac47a3068a69561e9c8715efdad3c642eb27c0756",
                "sha256:7de8fdde0003f4294655aa5d5f0a89c26b9f22c0a58790c38fae1ed392d44a5a",
                "sha256:889b2cc88b837d86eda1b17008ebeb679d82875022200c6e8e4ce6cf549b7acb",
                "sha256:92011118955724465fb6853def593cf397b4a1367495e0b59a7e69d40c4eb71d",
                "sha256:97cf27e51fa078078c649a51d7ade3c92d9e709ba2bfb97493007103c741f1d0",
                "sha256:9a23f8440561a633204a67fb44617ce2a299beecf3295f0d13c495518908e910",
                "sha256:a51725a815a6188c662fb66fb32077709a9ca38053f0274640293a14fdd22978",
                "sha256:a77d3e1163a7770164404607b7ba3967fb49b24782a6ef85d9b5f54126cc39e5",
                "sha256:adbdce121896fd3a17a77ab0b0b5eedf05a9834a18699db6829a64e1dfccca7f",
                "sha256:c29e6bd0ec49a44d7690ecb623a8eac5ab8a923bce0bea6293953992edf3a76a",
                "sha256:c72a6b2f4af1adfe193f7beb91ddf708ff867a3f977ef2ec53c0ffb8283ab9f5",
                "sha256:d0a2db9d20117bf523dde15858398e7c0858aadca7c0f088ac0d6edd360e9ad2",
                "sha256:e3ab5d32784e843fc0dd3ab6dcafc67ef806e6b6828dc6af2f689be0eb4d781d",
                "sha256:e428c4fbfa085f947b536706a2fc349245d7baa8334f0c5723c56a10595f9b95",
                "sha256:e8d2859428712785e8a8b7d2b3ef0a1d1565892367b32f915c4a4df44d0e64f5",
                "sha256:eef70b4fc1e872ebddc38cddacc87c19a3709c0e3e5d20bf3954c147b1dd941d",
                "sha256:f64bb98ac59b3ea3bf74b02f13836eb2e24e48e0ab0145bbda646295769bd780",
                "sha256:f9006288bcf4895917d02583cf3411f98631275bc67cce355a7f39f8c14338fa"
            ],
            "index": "pypi",
            "markers": "python_version >= '3.8'",
            "version": "==1.24.2"
        },
        "nvidia-cublas-cu12": {
            "hashes": [
                "sha256:2b964d60e8cf11b5e1073d179d85fa340c120e99b3067558f3cf98dd69d02906",
                "sha256:ee53ccca76a6fc08fb9701aa95b6ceb242cdaab118c3bb152af4e579af792728"
            ],
            "markers": "platform_system == 'Linux' and platform_machine == 'x86_64'",
            "version": "==12.1.3.1"
        },
        "nvidia-cuda-cupti-cu12": {
            "hashes": [
                "sha256:bea8236d13a0ac7190bd2919c3e8e6ce1e402104276e6f9694479e48bb0eb2a4",
                "sha256:e54fde3983165c624cb79254ae9818a456eb6e87a7fd4d56a2352c24ee542d7e"
            ],
            "markers": "platform_system == 'Linux' and platform_machine == 'x86_64'",
            "version": "==12.1.105"
        },
        "nvidia-cuda-nvrtc-cu12": {
            "hashes": [
                "sha256:0a98a522d9ff138b96c010a65e145dc1b4850e9ecb75a0172371793752fd46ed",
                "sha256:339b385f50c309763ca65456ec75e17bbefcbbf2893f462cb8b90584cd27a1c2"
            ],
            "markers": "platform_system == 'Linux' and platform_machine == 'x86_64'",
            "version": "==12.1.105"
        },
        "nvidia-cuda-runtime-cu12": {
            "hashes": [
                "sha256:6e258468ddf5796e25f1dc591a31029fa317d97a0a94ed93468fc86301d61e40",
                "sha256:dfb46ef84d73fababab44cf03e3b83f80700d27ca300e537f85f636fac474344"
            ],
            "markers": "platform_system == 'Linux' and platform_machine == 'x86_64'",
            "version": "==12.1.105"
        },
        "nvidia-cudnn-cu12": {
            "hashes": [
                "sha256:5ccb288774fdfb07a7e7025ffec286971c06d8d7b4fb162525334616d7629ff9"
            ],
            "markers": "platform_system == 'Linux' and platform_machine == 'x86_64'",
            "version": "==8.9.2.26"
        },
        "nvidia-cufft-cu12": {
            "hashes": [
                "sha256:794e3948a1aa71fd817c3775866943936774d1c14e7628c74f6f7417224cdf56",
                "sha256:d9ac353f78ff89951da4af698f80870b1534ed69993f10a4cf1d96f21357e253"
            ],
            "markers": "platform_system == 'Linux' and platform_machine == 'x86_64'",
            "version": "==11.0.2.54"
        },
        "nvidia-curand-cu12": {
            "hashes": [
                "sha256:75b6b0c574c0037839121317e17fd01f8a69fd2ef8e25853d826fec30bdba74a",
                "sha256:9d264c5036dde4e64f1de8c50ae753237c12e0b1348738169cd0f8a536c0e1e0"
            ],
            "markers": "platform_system == 'Linux' and platform_machine == 'x86_64'",
            "version": "==10.3.2.106"
        },
        "nvidia-cusolver-cu12": {
            "hashes": [
                "sha256:74e0c3a24c78612192a74fcd90dd117f1cf21dea4822e66d89e8ea80e3cd2da5",
                "sha256:8a7ec542f0412294b15072fa7dab71d31334014a69f953004ea7a118206fe0dd"
            ],
            "markers": "platform_system == 'Linux' and platform_machine == 'x86_64'",
            "version": "==11.4.5.107"
        },
        "nvidia-cusparse-cu12": {
            "hashes": [
                "sha256:b798237e81b9719373e8fae8d4f091b70a0cf09d9d85c95a557e11df2d8e9a5a",
                "sha256:f3b50f42cf363f86ab21f720998517a659a48131e8d538dc02f8768237bd884c"
            ],
            "markers": "platform_system == 'Linux' and platform_machine == 'x86_64'",
            "version": "==12.1.0.106"
        },
        "nvidia-nccl-cu12": {
            "hashes": [
                "sha256:a9734707a2c96443331c1e48c717024aa6678a0e2a4cb66b2c364d18cee6b48d"
            ],
            "markers": "platform_system == 'Linux' and platform_machine == 'x86_64'",
            "version": "==2.19.3"
        },
        "nvidia-nvjitlink-cu12": {
            "hashes": [
                "sha256:1b2e317e437433753530792f13eece58f0aec21a2b05903be7bffe58a606cbd1",
                "sha256:64335a8088e2b9d196ae8665430bc6a2b7e6ef2eb877a9c735c804bd4ff6467c"
            ],
            "markers": "python_version >= '3'",
            "version": "==12.3.101"
        },
        "nvidia-nvtx-cu12": {
            "hashes": [
                "sha256:65f4d98982b31b60026e0e6de73fbdfc09d08a96f4656dd3665ca616a11e1e82",
                "sha256:dc21cf308ca5691e7c04d962e213f8a4aa9bbfa23d95412f452254c2caeb09e5"
            ],
            "markers": "platform_system == 'Linux' and platform_machine == 'x86_64'",
            "version": "==12.1.105"
        },
        "pandas": {
            "hashes": [
                "sha256:00028e6737c594feac3c2df15636d73ace46b8314d236100b57ed7e4b9ebe8d9",
                "sha256:0aa6e92e639da0d6e2017d9ccff563222f4eb31e4b2c3cf32a2a392fc3103c0d",
                "sha256:1ebfd771110b50055712b3b711b51bee5d50135429364d0498e1213a7adc2be8",
                "sha256:294d96cfaf28d688f30c918a765ea2ae2e0e71d3536754f4b6de0ea4a496d034",
                "sha256:3f06bda01a143020bad20f7a85dd5f4a1600112145f126bc9e3e42077c24ef34",
                "sha256:426dc0f1b187523c4db06f96fb5c8d1a845e259c99bda74f7de97bd8a3bb3139",
                "sha256:45d63d2a9b1b37fa6c84a68ba2422dc9ed018bdaa668c7f47566a01188ceeec1",
                "sha256:482d5076e1791777e1571f2e2d789e940dedd927325cc3cb6d0800c6304082f6",
                "sha256:6b728fb8deba8905b319f96447a27033969f3ea1fea09d07d296c9030ab2ed1d",
                "sha256:8a706cfe7955c4ca59af8c7a0517370eafbd98593155b48f10f9811da440248b",
                "sha256:8ea107e0be2aba1da619cc6ba3f999b2bfc9669a83554b1904ce3dd9507f0860",
                "sha256:ab5796839eb1fd62a39eec2916d3e979ec3130509930fea17fe6f81e18108f6a",
                "sha256:b0513a132a15977b4a5b89aabd304647919bc2169eac4c8536afb29c07c23540",
                "sha256:b7d852d16c270e4331f6f59b3e9aa23f935f5c4b0ed2d0bc77637a8890a5d092",
                "sha256:bd7d5f2f54f78164b3d7a40f33bf79a74cdee72c31affec86bfcabe7e0789821",
                "sha256:bdec823dc6ec53f7a6339a0e34c68b144a7a1fd28d80c260534c39c62c5bf8c9",
                "sha256:d2d3e7b00f703aea3945995ee63375c61b2e6aa5aa7871c5d622870e5e137623",
                "sha256:d65148b14788b3758daf57bf42725caa536575da2b64df9964c563b015230984",
                "sha256:d797591b6846b9db79e65dc2d0d48e61f7db8d10b2a9480b4e3faaddc421a171",
                "sha256:dc9bf7ade01143cddc0074aa6995edd05323974e6e40d9dbde081021ded8510e",
                "sha256:e9f17f2b6fc076b2a0078862547595d66244db0f41bf79fc5f64a5c4d635bead",
                "sha256:edbaf9e8d3a63a9276d707b4d25930a262341bca9874fcb22eff5e3da5394732",
                "sha256:f237e6ca6421265643608813ce9793610ad09b40154a3344a088159590469e46",
                "sha256:f69b0c9bb174a2342818d3e2778584e18c740d56857fc5cdb944ec8bbe4082cf",
                "sha256:fcb68203c833cc735321512e13861358079a96c174a61f5116a1de89c58c0ef7"
            ],
            "index": "pypi",
            "markers": "python_version >= '3.9'",
            "version": "==2.1.4"
        },
        "python-dateutil": {
            "hashes": [
                "sha256:0123cacc1627ae19ddf3c27a5de5bd67ee4586fbdd6440d9748f8abb483d3e86",
                "sha256:961d03dc3453ebbc59dbdea9e4e11c5651520a876d0f4db161e8674aae935da9"
            ],
            "markers": "python_version >= '2.7' and python_version not in '3.0, 3.1, 3.2, 3.3'",
            "version": "==2.8.2"
        },
        "pytz": {
            "hashes": [
                "sha256:2a29735ea9c18baf14b448846bde5a48030ed267578472d8955cd0e7443a9812",
                "sha256:328171f4e3623139da4983451950b28e95ac706e13f3f2630a879749e7a8b319"
            ],
            "version": "==2024.1"
        },
        "readchar": {
            "hashes": [
                "sha256:08a456c2d7c1888cde3f4688b542621b676eb38cd6cfed7eb6cb2e2905ddc826",
                "sha256:76ec784a5dd2afac3b7da8003329834cdd9824294c260027f8c8d2e4d0a78f43"
            ],
            "markers": "python_version >= '3.7'",
            "version": "==4.0.5"
        },
        "requests": {
            "hashes": [
                "sha256:64299f4909223da747622c030b781c0d7811e359c37124b4bd368fb8c6518baa",
                "sha256:98b1b2782e3c6c4904938b84c0eb932721069dfdb9134313beff7c83c2df24bf"
            ],
            "index": "pypi",
            "markers": "python_version >= '3.7' and python_version < '4'",
            "version": "==2.28.2"
        },
        "runs": {
            "hashes": [
                "sha256:0980dcbc25aba1505f307ac4f0e9e92cbd0be2a15a1e983ee86c24c87b839dfd",
                "sha256:9dc1815e2895cfb3a48317b173b9f1eac9ba5549b36a847b5cc60c3bf82ecef1"
            ],
            "markers": "python_version >= '3.8'",
            "version": "==1.2.2"
        },
        "scipy": {
            "hashes": [
                "sha256:00150c5eae7b610c32589dda259eacc7c4f1665aedf25d921907f4d08a951b1c",
                "sha256:028eccd22e654b3ea01ee63705681ee79933652b2d8f873e7949898dda6d11b6",
                "sha256:1b7c3dca977f30a739e0409fb001056484661cb2541a01aba0bb0029f7b68db8",
                "sha256:2c6ff6ef9cc27f9b3db93a6f8b38f97387e6e0591600369a297a50a8e96e835d",
                "sha256:36750b7733d960d7994888f0d148d31ea3017ac15eef664194b4ef68d36a4a97",
                "sha256:530f9ad26440e85766509dbf78edcfe13ffd0ab7fec2560ee5c36ff74d6269ff",
                "sha256:5e347b14fe01003d3b78e196e84bd3f48ffe4c8a7b8a1afbcb8f5505cb710993",
                "sha256:6550466fbeec7453d7465e74d4f4b19f905642c89a7525571ee91dd7adabb5a3",
                "sha256:6df1468153a31cf55ed5ed39647279beb9cfb5d3f84369453b49e4b8502394fd",
                "sha256:6e619aba2df228a9b34718efb023966da781e89dd3d21637b27f2e54db0410d7",
                "sha256:8fce70f39076a5aa62e92e69a7f62349f9574d8405c0a5de6ed3ef72de07f446",
                "sha256:90a2b78e7f5733b9de748f589f09225013685f9b218275257f8a8168ededaeaa",
                "sha256:91af76a68eeae0064887a48e25c4e616fa519fa0d38602eda7e0f97d65d57937",
                "sha256:933baf588daa8dc9a92c20a0be32f56d43faf3d1a60ab11b3f08c356430f6e56",
                "sha256:acf8ed278cc03f5aff035e69cb511741e0418681d25fbbb86ca65429c4f4d9cd",
                "sha256:ad669df80528aeca5f557712102538f4f37e503f0c5b9541655016dd0932ca79",
                "sha256:b030c6674b9230d37c5c60ab456e2cf12f6784596d15ce8da9365e70896effc4",
                "sha256:b9999c008ccf00e8fbcce1236f85ade5c569d13144f77a1946bef8863e8f6eb4",
                "sha256:bc9a714581f561af0848e6b69947fda0614915f072dfd14142ed1bfe1b806710",
                "sha256:ce7fff2e23ab2cc81ff452a9444c215c28e6305f396b2ba88343a567feec9660",
                "sha256:cf00bd2b1b0211888d4dc75656c0412213a8b25e80d73898083f402b50f47e41",
                "sha256:d10e45a6c50211fe256da61a11c34927c68f277e03138777bdebedd933712fea",
                "sha256:ee410e6de8f88fd5cf6eadd73c135020bfbbbdfcd0f6162c36a7638a1ea8cc65",
                "sha256:f313b39a7e94f296025e3cffc2c567618174c0b1dde173960cf23808f9fae4be",
                "sha256:f3cd9e7b3c2c1ec26364856f9fbe78695fe631150f94cd1c22228456404cf1ec"
            ],
            "index": "pypi",
            "markers": "python_version >= '3.9'",
            "version": "==1.11.4"
        },
        "setuptools": {
            "hashes": [
                "sha256:385eb4edd9c9d5c17540511303e39a147ce2fc04bc55289c322b9e5904fe2c05",
                "sha256:be1af57fc409f93647f2e8e4573a142ed38724b8cdd389706a867bb4efcf1e78"
            ],
            "markers": "python_version >= '3.8'",
            "version": "==69.0.3"
        },
        "six": {
            "hashes": [
                "sha256:1e61c37477a1626458e36f7b1d82aa5c9b094fa4802892072e49de9c60c4c926",
                "sha256:8abb2f1d86890a2dfb989f9a77cfcfd3e47c2a354b01111771326f8aa26e0254"
            ],
            "markers": "python_version >= '2.7' and python_version not in '3.0, 3.1, 3.2, 3.3'",
            "version": "==1.16.0"
        },
        "sqlalchemy": {
            "hashes": [
                "sha256:011ef3c33f30bae5637c575f30647e0add98686642d237f0c3a1e3d9b35747fa",
                "sha256:0adca8a3ca77234a142c5afed29322fb501921f13d1d5e9fa4253450d786c160",
                "sha256:1644c603558590f465b3fa16e4557d87d3962bc2c81fd7ea85b582ecf4676b31",
                "sha256:2267c004e78e291bba0dc766a9711c389649cf3e662cd46eec2bc2c238c637bd",
                "sha256:25e4e54575f9d2af1eab82d3a470fca27062191c48ee57b6386fe09a3c0a6a33",
                "sha256:2a2f9120eb32190bdba31d1022181ef08f257aed4f984f3368aa4e838de72bc0",
                "sha256:2c82395e2925639e6d320592943608070678e7157bd1db2672a63be9c7889434",
                "sha256:3f927340b37fe65ec42e19af7ce15260a73e11c6b456febb59009bfdfec29a35",
                "sha256:54aa9f40d88728dd058e951eeb5ecc55241831ba4011e60c641738c1da0146b7",
                "sha256:57dcd9eed52413f7270b22797aa83c71b698db153d1541c1e83d45ecdf8e95e7",
                "sha256:582053571125895d008d4b8d9687d12d4bd209c076cdbab3504da307e2a0a2bd",
                "sha256:59cf0cdb29baec4e074c7520d7226646a8a8f856b87d8300f3e4494901d55235",
                "sha256:6363697c938b9a13e07f1bc2cd433502a7aa07efd55b946b31d25b9449890621",
                "sha256:662a79e80f3e9fe33b7861c19fedf3d8389fab2413c04bba787e3f1139c22188",
                "sha256:67901b91bf5821482fcbe9da988cb16897809624ddf0fde339cd62365cc50032",
                "sha256:679b9bd10bb32b8d3befed4aad4356799b6ec1bdddc0f930a79e41ba5b084124",
                "sha256:738c80705e11c1268827dbe22c01162a9cdc98fc6f7901b429a1459db2593060",
                "sha256:77a380bf8721b416782c763e0ff66f80f3b05aee83db33ddfc0eac20bcb6791f",
                "sha256:77d05773d5c79f2d3371d81697d54ee1b2c32085ad434ce9de4482e457ecb018",
                "sha256:817aab80f7e8fe581696dae7aaeb2ceb0b7ea70ad03c95483c9115970d2a9b00",
                "sha256:81f1ea264278fcbe113b9a5840f13a356cb0186e55b52168334124f1cd1bc495",
                "sha256:8a88b32ce5b69d18507ffc9f10401833934ebc353c7b30d1e056023c64f0a736",
                "sha256:8ff0a7c669ec7cdb899eae7e622211c2dd8725b82655db2b41740d39e3cda466",
                "sha256:918c2b553e3c78268b187f70983c9bc6f91e451a4f934827e9c919e03d258bd7",
                "sha256:954f1ad73b78ea5ba5a35c89c4a5dfd0f3a06c17926503de19510eb9b3857bde",
                "sha256:95a18e1a6af2114dbd9ee4f168ad33070d6317e11bafa28d983cc7b585fe900b",
                "sha256:9946ee503962859f1a9e1ad17dff0859269b0cb453686747fe87f00b0e030b34",
                "sha256:9a7ecaf90fe9ec8e45c86828f4f183564b33c9514e08667ca59e526fea63893a",
                "sha256:a42e6831e82dfa6d16b45f0c98c69e7b0defc64d76213173456355034450c414",
                "sha256:b01dce097cf6f145da131a53d4cce7f42e0bfa9ae161dd171a423f7970d296d0",
                "sha256:b5deafb4901618b3f98e8df7099cd11edd0d1e6856912647e28968b803de0dae",
                "sha256:b67d6e626caa571fb53accaac2fba003ef4f7317cb3481e9ab99dad6e89a70d6",
                "sha256:c1e8edc49b32483cd5d2d015f343e16be7dfab89f4aaf66b0fa6827ab356880d",
                "sha256:c621f05859caed5c0aab032888a3d3bde2cae3988ca151113cbecf262adad976",
                "sha256:ce54965a94673a0ebda25e7c3a05bf1aa74fd78cc452a1a710b704bf73fb8402",
                "sha256:d8efdda920988bcade542f53a2890751ff680474d548f32df919a35a21404e3f",
                "sha256:dc7b9f55c2f72c13b2328b8a870ff585c993ba1b5c155ece5c9d3216fa4b18f6",
                "sha256:dd801375f19a6e1f021dabd8b1714f2fdb91cbc835cd13b5dd0bd7e9860392d7",
                "sha256:f342057422d6bcfdd4996e34cd5c7f78f7e500112f64b113f334cdfc6a0c593d",
                "sha256:f696828784ab2c07b127bfd2f2d513f47ec58924c29cff5b19806ac37acee31c",
                "sha256:fdb2686eb01f670cdc6c43f092e333ff08c1cf0b646da5256c1237dc4ceef4ae"
            ],
            "markers": "python_version >= '3.7'",
            "version": "==2.0.4"
        },
        "sympy": {
            "hashes": [
                "sha256:c3588cd4295d0c0f603d0f2ae780587e64e2efeedb3521e46b9bb1d08d184fa5",
                "sha256:ebf595c8dac3e0fdc4152c51878b498396ec7f30e7a914d6071e674d49420fb8"
            ],
            "markers": "python_version >= '3.8'",
            "version": "==1.12"
        },
        "torch": {
            "hashes": [
                "sha256:008e4c6ad703de55af760c73bf937ecdd61a109f9b08f2bbb9c17e7c7017f194",
                "sha256:03c8e660907ac1b8ee07f6d929c4e15cd95be2fb764368799cca02c725a212b8",
                "sha256:08f53ccc38c49d839bc703ea1b20769cc8a429e0c4b20b56921a9f64949bf325",
                "sha256:0ca4df4b728515ad009b79f5107b00bcb2c63dc202d991412b9eb3b6a4f24349",
                "sha256:0d1c580e379c0d48f0f0a08ea28d8e373295aa254de4f9ad0631f9ed8bc04c24",
                "sha256:0d819399819d0862268ac531cf12a501c253007df4f9e6709ede8a0148f1a7b8",
                "sha256:15c8f0a105c66b28496092fca1520346082e734095f8eaf47b5786bac24b8a31",
                "sha256:3d3eea2d5969b9a1c9401429ca79efc668120314d443d3463edc3289d7f003c7",
                "sha256:51770c065206250dc1222ea7c0eff3f88ab317d3e931cca2aee461b85fbc2472",
                "sha256:707f2f80402981e9f90d0038d7d481678586251e6642a7a6ef67fc93511cb446",
                "sha256:9328e3c1ce628a281d2707526b4d1080eae7c4afab4f81cea75bde1f9441dc78",
                "sha256:93bffe3779965a71dab25fc29787538c37c5d54298fd2f2369e372b6fb137d41",
                "sha256:99e1dcecb488e3fd25bcaac56e48cdb3539842904bdc8588b0b255fde03a254c",
                "sha256:9eeb42971619e24392c9088b5b6d387d896e267889d41d267b1fec334f5227c5",
                "sha256:c02685118008834e878f676f81eab3a952b7936fa31f474ef8a5ff4b5c78b36d",
                "sha256:c17ec323da778efe8dad49d8fb534381479ca37af1bfc58efdbb8607a9d263a3",
                "sha256:c718b2ca69a6cac28baa36d86d8c0ec708b102cebd1ceb1b6488e404cd9be1d1",
                "sha256:d366158d6503a3447e67f8c0ad1328d54e6c181d88572d688a625fac61b13a97",
                "sha256:d9f39d6f53cec240a0e3baa82cb697593340f9d4554cee6d3d6ca07925c2fac0",
                "sha256:da0cefe7f84ece3e3b56c11c773b59d1cb2c0fd83ddf6b5f7f1fd1a987b15c3e",
                "sha256:dcbfb2192ac41ca93c756ebe9e2af29df0a4c14ee0e7a0dd78f82c67a63d91d4",
                "sha256:de8680472dd14e316f42ceef2a18a301461a9058cd6e99a1f1b20f78f11412f1",
                "sha256:ee1da852bfd4a7e674135a446d6074c2da7194c1b08549e31eae0b3138c6b4d2",
                "sha256:f11d18fceb4f9ecb1ac680dde7c463c120ed29056225d75469c19637e9f98d12",
                "sha256:f81d23227034221a4a4ff8ef24cc6cec7901edd98d9e64e32822778ff01be85e"
            ],
            "index": "pypi",
            "markers": "python_full_version >= '3.8.0'",
            "version": "==2.2.0"
        },
        "triton": {
            "hashes": [
                "sha256:0af58716e721460a61886668b205963dc4d1e4ac20508cc3f623aef0d70283d5",
                "sha256:227cc6f357c5efcb357f3867ac2a8e7ecea2298cd4606a8ba1e931d1d5a947df",
                "sha256:a2294514340cfe4e8f4f9e5c66c702744c4a117d25e618bd08469d0bfed1e2e5",
                "sha256:b8ce26093e539d727e7cf6f6f0d932b1ab0574dc02567e684377630d86723ace",
                "sha256:da58a152bddb62cafa9a857dd2bc1f886dbf9f9c90a2b5da82157cd2b34392b0",
                "sha256:e8fe46d3ab94a8103e291bd44c741cc294b91d1d81c1a2888254cbf7ff846dab"
            ],
            "markers": "platform_system == 'Linux' and platform_machine == 'x86_64'",
            "version": "==2.2.0"
        },
        "typing-extensions": {
            "hashes": [
                "sha256:23478f88c37f27d76ac8aee6c905017a143b0b1b886c3c9f66bc2fd94f9f5783",
                "sha256:af72aea155e91adfc61c3ae9e0e342dbc0cba726d6cba4b6c72c1f34e47291cd"
            ],
            "markers": "python_version >= '3.8'",
            "version": "==4.9.0"
        },
        "tzdata": {
            "hashes": [
                "sha256:aa3ace4329eeacda5b7beb7ea08ece826c28d761cda36e747cfbf97996d39bf3",
                "sha256:dd54c94f294765522c77399649b4fefd95522479a664a0cec87f41bebc6148c9"
            ],
            "markers": "python_version >= '2'",
            "version": "==2023.4"
        },
        "urllib3": {
            "hashes": [
                "sha256:34b97092d7e0a3a8cf7cd10e386f401b3737364026c45e622aa02903dffe0f07",
                "sha256:f8ecc1bba5667413457c529ab955bf8c67b45db799d159066261719e328580a0"
            ],
            "markers": "python_version >= '2.7' and python_version not in '3.0, 3.1, 3.2, 3.3, 3.4, 3.5'",
            "version": "==1.26.18"
        },
        "wcwidth": {
            "hashes": [
                "sha256:3da69048e4540d84af32131829ff948f1e022c1c6bdb8d6102117aac784f6859",
                "sha256:72ea0c06399eb286d978fdedb6923a9eb47e1c486ce63e9b4e64fc18303972b5"
            ],
            "version": "==0.2.13"
        },
        "xmod": {
            "hashes": [
                "sha256:38c76486b9d672c546d57d8035df0beb7f4a9b088bc3fb2de5431ae821444377",
                "sha256:a24e9458a4853489042522bdca9e50ee2eac5ab75c809a91150a8a7f40670d48"
            ],
            "markers": "python_version >= '3.8'",
            "version": "==1.8.1"
        }
    },
    "develop": {}
}
